
Microsoft Visual Studio Solution File, Format Version 12.00
# Visual Studio 2013
VisualStudioVersion = 12.0.21005.1
MinimumVisualStudioVersion = 10.0.40219.1
Project("{8BC9CEB8-8B4A-11D0-8D11-00A0C91BC942}") = "Test_4_16", "Test_4_16\Test_4_16.vcxproj", "{9114F6BA-59A0-4331-A29C-528F00D02737}"
EndProject
Project("{8BC9CEB8-8B4A-11D0-8D11-00A0C91BC942}") = "Test2", "Test2\Test2.vcxproj", "{8D5FDF80-4EAC-48D8-92EA-857C0B71A359}"
EndProject
Global
	GlobalSection(SolutionConfigurationPlatforms) = preSolution
		Debug|Win32 = Debug|Win32
		Release|Win32 = Release|Win32
	EndGlobalSection
	GlobalSection(ProjectConfigurationPlatforms) = postSolution
		{9114F6BA-59A0-4331-A29C-528F00D02737}.Debug|Win32.ActiveCfg = Debug|Win32
		{9114F6BA-59A0-4331-A29C-528F00D02737}.Debug|Win32.Build.0 = Debug|Win32
		{9114F6BA-59A0-4331-A29C-528F00D02737}.Release|Win32.ActiveCfg = Release|Win32
		{9114F6BA-59A0-4331-A29C-528F00D02737}.Release|Win32.Build.0 = Release|Win32
		{8D5FDF80-4EAC-48D8-92EA-857C0B71A359}.Debug|Win32.ActiveCfg = Debug|Win32
		{8D5FDF80-4EAC-48D8-92EA-857C0B71A359}.Debug|Win32.Build.0 = Debug|Win32
		{8D5FDF80-4EAC-48D8-92EA-857C0B71A359}.Release|Win32.ActiveCfg = Release|Win32
		{8D5FDF80-4EAC-48D8-92EA-857C0B71A359}.Release|Win32.Build.0 = Release|Win32
	EndGlobalSection
	GlobalSection(SolutionProperties) = preSolution
		HideSolutionNode = FALSE
	EndGlobalSection
EndGlobal
