
Microsoft Visual Studio Solution File, Format Version 12.00
# Visual Studio 2013
VisualStudioVersion = 12.0.21005.1
MinimumVisualStudioVersion = 10.0.40219.1
Project("{8BC9CEB8-8B4A-11D0-8D11-00A0C91BC942}") = "Test1", "Test_4_06\Test_4_06.vcxproj", "{8A89779A-E0F5-4280-91DF-4CB04FA17CAA}"
EndProject
Project("{8BC9CEB8-8B4A-11D0-8D11-00A0C91BC942}") = "Test2", "Test2\Test2.vcxproj", "{529CF7C9-388C-4DB6-B10A-1BD61A1F56F1}"
EndProject
Project("{8BC9CEB8-8B4A-11D0-8D11-00A0C91BC942}") = "Test3", "Test3\Test3.vcxproj", "{BBDE2B43-FD53-4263-866F-7DF9FEBBC57D}"
EndProject
Global
	GlobalSection(SolutionConfigurationPlatforms) = preSolution
		Debug|Win32 = Debug|Win32
		Release|Win32 = Release|Win32
	EndGlobalSection
	GlobalSection(ProjectConfigurationPlatforms) = postSolution
		{8A89779A-E0F5-4280-91DF-4CB04FA17CAA}.Debug|Win32.ActiveCfg = Debug|Win32
		{8A89779A-E0F5-4280-91DF-4CB04FA17CAA}.Debug|Win32.Build.0 = Debug|Win32
		{8A89779A-E0F5-4280-91DF-4CB04FA17CAA}.Release|Win32.ActiveCfg = Release|Win32
		{8A89779A-E0F5-4280-91DF-4CB04FA17CAA}.Release|Win32.Build.0 = Release|Win32
		{529CF7C9-388C-4DB6-B10A-1BD61A1F56F1}.Debug|Win32.ActiveCfg = Debug|Win32
		{529CF7C9-388C-4DB6-B10A-1BD61A1F56F1}.Debug|Win32.Build.0 = Debug|Win32
		{529CF7C9-388C-4DB6-B10A-1BD61A1F56F1}.Release|Win32.ActiveCfg = Release|Win32
		{529CF7C9-388C-4DB6-B10A-1BD61A1F56F1}.Release|Win32.Build.0 = Release|Win32
		{BBDE2B43-FD53-4263-866F-7DF9FEBBC57D}.Debug|Win32.ActiveCfg = Debug|Win32
		{BBDE2B43-FD53-4263-866F-7DF9FEBBC57D}.Debug|Win32.Build.0 = Debug|Win32
		{BBDE2B43-FD53-4263-866F-7DF9FEBBC57D}.Release|Win32.ActiveCfg = Release|Win32
		{BBDE2B43-FD53-4263-866F-7DF9FEBBC57D}.Release|Win32.Build.0 = Release|Win32
	EndGlobalSection
	GlobalSection(SolutionProperties) = preSolution
		HideSolutionNode = FALSE
	EndGlobalSection
EndGlobal
