
Microsoft Visual Studio Solution File, Format Version 12.00
# Visual Studio 2013
VisualStudioVersion = 12.0.21005.1
MinimumVisualStudioVersion = 10.0.40219.1
Project("{8BC9CEB8-8B4A-11D0-8D11-00A0C91BC942}") = "Test1", "Test_4_08\Test_4_08.vcxproj", "{0A52CA24-9928-4425-8B52-8AD04B371996}"
EndProject
Project("{8BC9CEB8-8B4A-11D0-8D11-00A0C91BC942}") = "Test2", "Test2\Test2.vcxproj", "{38626EFE-462F-41CE-8D4C-FF586F5CCD83}"
EndProject
Project("{8BC9CEB8-8B4A-11D0-8D11-00A0C91BC942}") = "Test3", "Test3\Test3.vcxproj", "{47C28F7F-4E43-4194-A9C4-5FB0C4C352A0}"
EndProject
Project("{8BC9CEB8-8B4A-11D0-8D11-00A0C91BC942}") = "Test4", "Test4\Test4.vcxproj", "{747C1A0E-7578-4ECC-9C9C-6AA88AB9F8EA}"
EndProject
Project("{8BC9CEB8-8B4A-11D0-8D11-00A0C91BC942}") = "Test5", "Test5\Test5.vcxproj", "{25B2629F-0883-41ED-9E74-2E1F82003E2A}"
EndProject
Global
	GlobalSection(SolutionConfigurationPlatforms) = preSolution
		Debug|Win32 = Debug|Win32
		Release|Win32 = Release|Win32
	EndGlobalSection
	GlobalSection(ProjectConfigurationPlatforms) = postSolution
		{0A52CA24-9928-4425-8B52-8AD04B371996}.Debug|Win32.ActiveCfg = Debug|Win32
		{0A52CA24-9928-4425-8B52-8AD04B371996}.Debug|Win32.Build.0 = Debug|Win32
		{0A52CA24-9928-4425-8B52-8AD04B371996}.Release|Win32.ActiveCfg = Release|Win32
		{0A52CA24-9928-4425-8B52-8AD04B371996}.Release|Win32.Build.0 = Release|Win32
		{38626EFE-462F-41CE-8D4C-FF586F5CCD83}.Debug|Win32.ActiveCfg = Debug|Win32
		{38626EFE-462F-41CE-8D4C-FF586F5CCD83}.Debug|Win32.Build.0 = Debug|Win32
		{38626EFE-462F-41CE-8D4C-FF586F5CCD83}.Release|Win32.ActiveCfg = Release|Win32
		{38626EFE-462F-41CE-8D4C-FF586F5CCD83}.Release|Win32.Build.0 = Release|Win32
		{47C28F7F-4E43-4194-A9C4-5FB0C4C352A0}.Debug|Win32.ActiveCfg = Debug|Win32
		{47C28F7F-4E43-4194-A9C4-5FB0C4C352A0}.Debug|Win32.Build.0 = Debug|Win32
		{47C28F7F-4E43-4194-A9C4-5FB0C4C352A0}.Release|Win32.ActiveCfg = Release|Win32
		{47C28F7F-4E43-4194-A9C4-5FB0C4C352A0}.Release|Win32.Build.0 = Release|Win32
		{747C1A0E-7578-4ECC-9C9C-6AA88AB9F8EA}.Debug|Win32.ActiveCfg = Debug|Win32
		{747C1A0E-7578-4ECC-9C9C-6AA88AB9F8EA}.Debug|Win32.Build.0 = Debug|Win32
		{747C1A0E-7578-4ECC-9C9C-6AA88AB9F8EA}.Release|Win32.ActiveCfg = Release|Win32
		{747C1A0E-7578-4ECC-9C9C-6AA88AB9F8EA}.Release|Win32.Build.0 = Release|Win32
		{25B2629F-0883-41ED-9E74-2E1F82003E2A}.Debug|Win32.ActiveCfg = Debug|Win32
		{25B2629F-0883-41ED-9E74-2E1F82003E2A}.Debug|Win32.Build.0 = Debug|Win32
		{25B2629F-0883-41ED-9E74-2E1F82003E2A}.Release|Win32.ActiveCfg = Release|Win32
		{25B2629F-0883-41ED-9E74-2E1F82003E2A}.Release|Win32.Build.0 = Release|Win32
	EndGlobalSection
	GlobalSection(SolutionProperties) = preSolution
		HideSolutionNode = FALSE
	EndGlobalSection
EndGlobal
